
Microsoft Visual Studio Solution File, Format Version 12.00
# Visual Studio Version 16
VisualStudioVersion = 16.0.31702.278
MinimumVisualStudioVersion = 10.0.40219.1
Project("{888888A0-9F3D-457C-B088-3A5042F75D52}") = "Auto-Mouse-Control", "Auto-Mouse-Control.pyproj", "{02D06B19-60E9-4964-8A9B-0DAB4542765B}"
EndProject
Global
	GlobalSection(SolutionConfigurationPlatforms) = preSolution
		Debug|Any CPU = Debug|Any CPU
		Release|Any CPU = Release|Any CPU
	EndGlobalSection
	GlobalSection(ProjectConfigurationPlatforms) = postSolution
		{02D06B19-60E9-4964-8A9B-0DAB4542765B}.Debug|Any CPU.ActiveCfg = Debug|Any CPU
		{02D06B19-60E9-4964-8A9B-0DAB4542765B}.Release|Any CPU.ActiveCfg = Release|Any CPU
	EndGlobalSection
	GlobalSection(SolutionProperties) = preSolution
		HideSolutionNode = FALSE
	EndGlobalSection
	GlobalSection(ExtensibilityGlobals) = postSolution
		SolutionGuid = {EC1E1365-5EDD-42BD-B06D-BD908E739172}
	EndGlobalSection
EndGlobal
